// !$*UTF8*$!
{
	archiveVersion = 1;
	classes = {
	};
	objectVersion = 77;
	objects = {

/* Begin PBXBuildFile section */
		A9EBD57A2E1B5216007F77A6 /* SNHelper Extension.appex in Embed Foundation Extensions */ = {isa = PBXBuildFile; fileRef = A9EBD5792E1B5216007F77A6 /* SNHelper Extension.appex */; settings = {ATTRIBUTES = (RemoveHeadersOnCopy, ); }; };
/* End PBXBuildFile section */

/* Begin PBXContainerItemProxy section */
		A9EBD5642E1B5216007F77A6 /* PBXContainerItemProxy */ = {
			isa = PBXContainerItemProxy;
			containerPortal = A9EBD53E2E1B5215007F77A6 /* Project object */;
			proxyType = 1;
			remoteGlobalIDString = A9EBD5452E1B5215007F77A6;
			remoteInfo = SNHelper;
		};
		A9EBD56E2E1B5216007F77A6 /* PBXContainerItemProxy */ = {
			isa = PBXContainerItemProxy;
			containerPortal = A9EBD53E2E1B5215007F77A6 /* Project object */;
			proxyType = 1;
			remoteGlobalIDString = A9EBD5452E1B5215007F77A6;
			remoteInfo = SNHelper;
		};
		A9EBD57B2E1B5216007F77A6 /* PBXContainerItemProxy */ = {
			isa = PBXContainerItemProxy;
			containerPortal = A9EBD53E2E1B5215007F77A6 /* Project object */;
			proxyType = 1;
			remoteGlobalIDString = A9EBD5782E1B5216007F77A6;
			remoteInfo = "SNHelper Extension";
		};
/* End PBXContainerItemProxy section */

/* Begin PBXCopyFilesBuildPhase section */
		A9EBD5982E1B5216007F77A6 /* Embed Foundation Extensions */ = {
			isa = PBXCopyFilesBuildPhase;
			buildActionMask = 2147483647;
			dstPath = "";
			dstSubfolderSpec = 13;
			files = (
				A9EBD57A2E1B5216007F77A6 /* SNHelper Extension.appex in Embed Foundation Extensions */,
			);
			name = "Embed Foundation Extensions";
			runOnlyForDeploymentPostprocessing = 0;
		};
/* End PBXCopyFilesBuildPhase section */

/* Begin PBXFileReference section */
		A9EBD5462E1B5215007F77A6 /* SNHelper.app */ = {isa = PBXFileReference; explicitFileType = wrapper.application; includeInIndex = 0; path = SNHelper.app; sourceTree = BUILT_PRODUCTS_DIR; };
		A9EBD5632E1B5216007F77A6 /* SNHelperTests.xctest */ = {isa = PBXFileReference; explicitFileType = wrapper.cfbundle; includeInIndex = 0; path = SNHelperTests.xctest; sourceTree = BUILT_PRODUCTS_DIR; };
		A9EBD56D2E1B5216007F77A6 /* SNHelperUITests.xctest */ = {isa = PBXFileReference; explicitFileType = wrapper.cfbundle; includeInIndex = 0; path = SNHelperUITests.xctest; sourceTree = BUILT_PRODUCTS_DIR; };
		A9EBD5792E1B5216007F77A6 /* SNHelper Extension.appex */ = {isa = PBXFileReference; explicitFileType = "wrapper.app-extension"; includeInIndex = 0; path = "SNHelper Extension.appex"; sourceTree = BUILT_PRODUCTS_DIR; };
/* End PBXFileReference section */

/* Begin PBXFileSystemSynchronizedBuildFileExceptionSet section */
		A9EBD5932E1B5216007F77A6 /* Exceptions for "SNHelper" folder in "SNHelper" target */ = {
			isa = PBXFileSystemSynchronizedBuildFileExceptionSet;
			membershipExceptions = (
				Info.plist,
			);
			target = A9EBD5452E1B5215007F77A6 /* SNHelper */;
		};
		A9EBD5972E1B5216007F77A6 /* Exceptions for "SNHelper Extension" folder in "SNHelper Extension" target */ = {
			isa = PBXFileSystemSynchronizedBuildFileExceptionSet;
			membershipExceptions = (
				Info.plist,
			);
			target = A9EBD5782E1B5216007F77A6 /* SNHelper Extension */;
		};
/* End PBXFileSystemSynchronizedBuildFileExceptionSet section */

/* Begin PBXFileSystemSynchronizedRootGroup section */
		A9EBD5482E1B5215007F77A6 /* SNHelper */ = {
			isa = PBXFileSystemSynchronizedRootGroup;
			exceptions = (
				A9EBD5932E1B5216007F77A6 /* Exceptions for "SNHelper" folder in "SNHelper" target */,
			);
			path = SNHelper;
			sourceTree = "<group>";
		};
		A9EBD5662E1B5216007F77A6 /* SNHelperTests */ = {
			isa = PBXFileSystemSynchronizedRootGroup;
			path = SNHelperTests;
			sourceTree = "<group>";
		};
		A9EBD5702E1B5216007F77A6 /* SNHelperUITests */ = {
			isa = PBXFileSystemSynchronizedRootGroup;
			path = SNHelperUITests;
			sourceTree = "<group>";
		};
		A9EBD57D2E1B5216007F77A6 /* SNHelper Extension */ = {
			isa = PBXFileSystemSynchronizedRootGroup;
			exceptions = (
				A9EBD5972E1B5216007F77A6 /* Exceptions for "SNHelper Extension" folder in "SNHelper Extension" target */,
			);
			explicitFolders = (
				Resources/_locales,
				Resources/images,
			);
			path = "SNHelper Extension";
			sourceTree = "<group>";
		};
/* End PBXFileSystemSynchronizedRootGroup section */

/* Begin PBXFrameworksBuildPhase section */
		A9EBD5432E1B5215007F77A6 /* Frameworks */ = {
			isa = PBXFrameworksBuildPhase;
			buildActionMask = 2147483647;
			files = (
			);
			runOnlyForDeploymentPostprocessing = 0;
		};
		A9EBD5602E1B5216007F77A6 /* Frameworks */ = {
			isa = PBXFrameworksBuildPhase;
			buildActionMask = 2147483647;
			files = (
			);
			runOnlyForDeploymentPostprocessing = 0;
		};
		A9EBD56A2E1B5216007F77A6 /* Frameworks */ = {
			isa = PBXFrameworksBuildPhase;
			buildActionMask = 2147483647;
			files = (
			);
			runOnlyForDeploymentPostprocessing = 0;
		};
		A9EBD5762E1B5216007F77A6 /* Frameworks */ = {
			isa = PBXFrameworksBuildPhase;
			buildActionMask = 2147483647;
			files = (
			);
			runOnlyForDeploymentPostprocessing = 0;
		};
/* End PBXFrameworksBuildPhase section */

/* Begin PBXGroup section */
		A9EBD53D2E1B5215007F77A6 = {
			isa = PBXGroup;
			children = (
				A9EBD5482E1B5215007F77A6 /* SNHelper */,
				A9EBD5662E1B5216007F77A6 /* SNHelperTests */,
				A9EBD5702E1B5216007F77A6 /* SNHelperUITests */,
				A9EBD57D2E1B5216007F77A6 /* SNHelper Extension */,
				A9EBD5472E1B5215007F77A6 /* Products */,
			);
			sourceTree = "<group>";
		};
		A9EBD5472E1B5215007F77A6 /* Products */ = {
			isa = PBXGroup;
			children = (
				A9EBD5462E1B5215007F77A6 /* SNHelper.app */,
				A9EBD5632E1B5216007F77A6 /* SNHelperTests.xctest */,
				A9EBD56D2E1B5216007F77A6 /* SNHelperUITests.xctest */,
				A9EBD5792E1B5216007F77A6 /* SNHelper Extension.appex */,
			);
			name = Products;
			sourceTree = "<group>";
		};
/* End PBXGroup section */

/* Begin PBXNativeTarget section */
		A9EBD5452E1B5215007F77A6 /* SNHelper */ = {
			isa = PBXNativeTarget;
			buildConfigurationList = A9EBD5992E1B5216007F77A6 /* Build configuration list for PBXNativeTarget "SNHelper" */;
			buildPhases = (
				A9EBD5422E1B5215007F77A6 /* Sources */,
				A9EBD5432E1B5215007F77A6 /* Frameworks */,
				A9EBD5442E1B5215007F77A6 /* Resources */,
				A9EBD5982E1B5216007F77A6 /* Embed Foundation Extensions */,
			);
			buildRules = (
			);
			dependencies = (
				A9EBD57C2E1B5216007F77A6 /* PBXTargetDependency */,
			);
			fileSystemSynchronizedGroups = (
				A9EBD5482E1B5215007F77A6 /* SNHelper */,
			);
			name = SNHelper;
			packageProductDependencies = (
			);
			productName = SNHelper;
			productReference = A9EBD5462E1B5215007F77A6 /* SNHelper.app */;
			productType = "com.apple.product-type.application";
		};
		A9EBD5622E1B5216007F77A6 /* SNHelperTests */ = {
			isa = PBXNativeTarget;
			buildConfigurationList = A9EBD59E2E1B5216007F77A6 /* Build configuration list for PBXNativeTarget "SNHelperTests" */;
			buildPhases = (
				A9EBD55F2E1B5216007F77A6 /* Sources */,
				A9EBD5602E1B5216007F77A6 /* Frameworks */,
				A9EBD5612E1B5216007F77A6 /* Resources */,
			);
			buildRules = (
			);
			dependencies = (
				A9EBD5652E1B5216007F77A6 /* PBXTargetDependency */,
			);
			fileSystemSynchronizedGroups = (
				A9EBD5662E1B5216007F77A6 /* SNHelperTests */,
			);
			name = SNHelperTests;
			packageProductDependencies = (
			);
			productName = SNHelperTests;
			productReference = A9EBD5632E1B5216007F77A6 /* SNHelperTests.xctest */;
			productType = "com.apple.product-type.bundle.unit-test";
		};
		A9EBD56C2E1B5216007F77A6 /* SNHelperUITests */ = {
			isa = PBXNativeTarget;
			buildConfigurationList = A9EBD5A12E1B5216007F77A6 /* Build configuration list for PBXNativeTarget "SNHelperUITests" */;
			buildPhases = (
				A9EBD5692E1B5216007F77A6 /* Sources */,
				A9EBD56A2E1B5216007F77A6 /* Frameworks */,
				A9EBD56B2E1B5216007F77A6 /* Resources */,
			);
			buildRules = (
			);
			dependencies = (
				A9EBD56F2E1B5216007F77A6 /* PBXTargetDependency */,
			);
			fileSystemSynchronizedGroups = (
				A9EBD5702E1B5216007F77A6 /* SNHelperUITests */,
			);
			name = SNHelperUITests;
			packageProductDependencies = (
			);
			productName = SNHelperUITests;
			productReference = A9EBD56D2E1B5216007F77A6 /* SNHelperUITests.xctest */;
			productType = "com.apple.product-type.bundle.ui-testing";
		};
		A9EBD5782E1B5216007F77A6 /* SNHelper Extension */ = {
			isa = PBXNativeTarget;
			buildConfigurationList = A9EBD5942E1B5216007F77A6 /* Build configuration list for PBXNativeTarget "SNHelper Extension" */;
			buildPhases = (
				A9EBD5752E1B5216007F77A6 /* Sources */,
				A9EBD5762E1B5216007F77A6 /* Frameworks */,
				A9EBD5772E1B5216007F77A6 /* Resources */,
			);
			buildRules = (
			);
			dependencies = (
			);
			fileSystemSynchronizedGroups = (
				A9EBD57D2E1B5216007F77A6 /* SNHelper Extension */,
			);
			name = "SNHelper Extension";
			packageProductDependencies = (
			);
			productName = "SNHelper Extension";
			productReference = A9EBD5792E1B5216007F77A6 /* SNHelper Extension.appex */;
			productType = "com.apple.product-type.app-extension";
		};
/* End PBXNativeTarget section */

/* Begin PBXProject section */
		A9EBD53E2E1B5215007F77A6 /* Project object */ = {
			isa = PBXProject;
			attributes = {
				BuildIndependentTargetsInParallel = 1;
				LastSwiftUpdateCheck = 1640;
				LastUpgradeCheck = 1640;
				TargetAttributes = {
					A9EBD5452E1B5215007F77A6 = {
						CreatedOnToolsVersion = 16.4;
					};
					A9EBD5622E1B5216007F77A6 = {
						CreatedOnToolsVersion = 16.4;
						TestTargetID = A9EBD5452E1B5215007F77A6;
					};
					A9EBD56C2E1B5216007F77A6 = {
						CreatedOnToolsVersion = 16.4;
						TestTargetID = A9EBD5452E1B5215007F77A6;
					};
					A9EBD5782E1B5216007F77A6 = {
						CreatedOnToolsVersion = 16.4;
					};
				};
			};
			buildConfigurationList = A9EBD5412E1B5215007F77A6 /* Build configuration list for PBXProject "SNHelper" */;
			developmentRegion = en;
			hasScannedForEncodings = 0;
			knownRegions = (
				en,
				Base,
			);
			mainGroup = A9EBD53D2E1B5215007F77A6;
			minimizedProjectReferenceProxies = 1;
			preferredProjectObjectVersion = 77;
			productRefGroup = A9EBD5472E1B5215007F77A6 /* Products */;
			projectDirPath = "";
			projectRoot = "";
			targets = (
				A9EBD5452E1B5215007F77A6 /* SNHelper */,
				A9EBD5622E1B5216007F77A6 /* SNHelperTests */,
				A9EBD56C2E1B5216007F77A6 /* SNHelperUITests */,
				A9EBD5782E1B5216007F77A6 /* SNHelper Extension */,
			);
		};
/* End PBXProject section */

/* Begin PBXResourcesBuildPhase section */
		A9EBD5442E1B5215007F77A6 /* Resources */ = {
			isa = PBXResourcesBuildPhase;
			buildActionMask = 2147483647;
			files = (
			);
			runOnlyForDeploymentPostprocessing = 0;
		};
		A9EBD5612E1B5216007F77A6 /* Resources */ = {
			isa = PBXResourcesBuildPhase;
			buildActionMask = 2147483647;
			files = (
			);
			runOnlyForDeploymentPostprocessing = 0;
		};
		A9EBD56B2E1B5216007F77A6 /* Resources */ = {
			isa = PBXResourcesBuildPhase;
			buildActionMask = 2147483647;
			files = (
			);
			runOnlyForDeploymentPostprocessing = 0;
		};
		A9EBD5772E1B5216007F77A6 /* Resources */ = {
			isa = PBXResourcesBuildPhase;
			buildActionMask = 2147483647;
			files = (
			);
			runOnlyForDeploymentPostprocessing = 0;
		};
/* End PBXResourcesBuildPhase section */

/* Begin PBXSourcesBuildPhase section */
		A9EBD5422E1B5215007F77A6 /* Sources */ = {
			isa = PBXSourcesBuildPhase;
			buildActionMask = 2147483647;
			files = (
			);
			runOnlyForDeploymentPostprocessing = 0;
		};
		A9EBD55F2E1B5216007F77A6 /* Sources */ = {
			isa = PBXSourcesBuildPhase;
			buildActionMask = 2147483647;
			files = (
			);
			runOnlyForDeploymentPostprocessing = 0;
		};
		A9EBD5692E1B5216007F77A6 /* Sources */ = {
			isa = PBXSourcesBuildPhase;
			buildActionMask = 2147483647;
			files = (
			);
			runOnlyForDeploymentPostprocessing = 0;
		};
		A9EBD5752E1B5216007F77A6 /* Sources */ = {
			isa = PBXSourcesBuildPhase;
			buildActionMask = 2147483647;
			files = (
			);
			runOnlyForDeploymentPostprocessing = 0;
		};
/* End PBXSourcesBuildPhase section */

/* Begin PBXTargetDependency section */
		A9EBD5652E1B5216007F77A6 /* PBXTargetDependency */ = {
			isa = PBXTargetDependency;
			target = A9EBD5452E1B5215007F77A6 /* SNHelper */;
			targetProxy = A9EBD5642E1B5216007F77A6 /* PBXContainerItemProxy */;
		};
		A9EBD56F2E1B5216007F77A6 /* PBXTargetDependency */ = {
			isa = PBXTargetDependency;
			target = A9EBD5452E1B5215007F77A6 /* SNHelper */;
			targetProxy = A9EBD56E2E1B5216007F77A6 /* PBXContainerItemProxy */;
		};
		A9EBD57C2E1B5216007F77A6 /* PBXTargetDependency */ = {
			isa = PBXTargetDependency;
			target = A9EBD5782E1B5216007F77A6 /* SNHelper Extension */;
			targetProxy = A9EBD57B2E1B5216007F77A6 /* PBXContainerItemProxy */;
		};
/* End PBXTargetDependency section */

/* Begin XCBuildConfiguration section */
		A9EBD5952E1B5216007F77A6 /* Debug */ = {
			isa = XCBuildConfiguration;
			buildSettings = {
				CODE_SIGN_STYLE = Automatic;
				CURRENT_PROJECT_VERSION = 1;
				DEVELOPMENT_TEAM = KU6R2SUX5N;
				GENERATE_INFOPLIST_FILE = YES;
				INFOPLIST_FILE = "SNHelper Extension/Info.plist";
				INFOPLIST_KEY_CFBundleDisplayName = "SNHelper Extension";
				INFOPLIST_KEY_NSHumanReadableCopyright = "";
				IPHONEOS_DEPLOYMENT_TARGET = 15.0;
				LD_RUNPATH_SEARCH_PATHS = (
					"$(inherited)",
					"@executable_path/Frameworks",
					"@executable_path/../../Frameworks",
				);
				MARKETING_VERSION = 1.0;
				OTHER_LDFLAGS = (
					"-framework",
					SafariServices,
				);
				PRODUCT_BUNDLE_IDENTIFIER = dev.zidi.SNHelper.Extension;
				PRODUCT_NAME = "$(TARGET_NAME)";
				SKIP_INSTALL = YES;
				SWIFT_EMIT_LOC_STRINGS = YES;
				SWIFT_VERSION = 5.0;
				TARGETED_DEVICE_FAMILY = "1,2";
			};
			name = Debug;
		};
		A9EBD5962E1B5216007F77A6 /* Release */ = {
			isa = XCBuildConfiguration;
			buildSettings = {
				CODE_SIGN_STYLE = Automatic;
				CURRENT_PROJECT_VERSION = 1;
				DEVELOPMENT_TEAM = KU6R2SUX5N;
				GENERATE_INFOPLIST_FILE = YES;
				INFOPLIST_FILE = "SNHelper Extension/Info.plist";
				INFOPLIST_KEY_CFBundleDisplayName = "SNHelper Extension";
				INFOPLIST_KEY_NSHumanReadableCopyright = "";
				IPHONEOS_DEPLOYMENT_TARGET = 15.0;
				LD_RUNPATH_SEARCH_PATHS = (
					"$(inherited)",
					"@executable_path/Frameworks",
					"@executable_path/../../Frameworks",
				);
				MARKETING_VERSION = 1.0;
				OTHER_LDFLAGS = (
					"-framework",
					SafariServices,
				);
				PRODUCT_BUNDLE_IDENTIFIER = dev.zidi.SNHelper.Extension;
				PRODUCT_NAME = "$(TARGET_NAME)";
				SKIP_INSTALL = YES;
				SWIFT_EMIT_LOC_STRINGS = YES;
				SWIFT_VERSION = 5.0;
				TARGETED_DEVICE_FAMILY = "1,2";
			};
			name = Release;
		};
		A9EBD59A2E1B5216007F77A6 /* Debug */ = {
			isa = XCBuildConfiguration;
			buildSettings = {
				ASSETCATALOG_COMPILER_APPICON_NAME = AppIcon;
				ASSETCATALOG_COMPILER_GLOBAL_ACCENT_COLOR_NAME = AccentColor;
				CODE_SIGN_STYLE = Automatic;
				CURRENT_PROJECT_VERSION = 1;
				DEVELOPMENT_TEAM = KU6R2SUX5N;
				GENERATE_INFOPLIST_FILE = YES;
				INFOPLIST_FILE = SNHelper/Info.plist;
				INFOPLIST_KEY_CFBundleDisplayName = SNHelper;
				INFOPLIST_KEY_UIApplicationSupportsIndirectInputEvents = YES;
				INFOPLIST_KEY_UILaunchStoryboardName = LaunchScreen;
				INFOPLIST_KEY_UIMainStoryboardFile = Main;
				INFOPLIST_KEY_UISupportedInterfaceOrientations_iPad = "UIInterfaceOrientationPortrait UIInterfaceOrientationPortraitUpsideDown UIInterfaceOrientationLandscapeLeft UIInterfaceOrientationLandscapeRight";
				INFOPLIST_KEY_UISupportedInterfaceOrientations_iPhone = "UIInterfaceOrientationPortrait UIInterfaceOrientationLandscapeLeft UIInterfaceOrientationLandscapeRight";
				IPHONEOS_DEPLOYMENT_TARGET = 15.0;
				LD_RUNPATH_SEARCH_PATHS = (
					"$(inherited)",
					"@executable_path/Frameworks",
				);
				MARKETING_VERSION = 1.0;
				OTHER_LDFLAGS = (
					"-framework",
					SafariServices,
					"-framework",
					WebKit,
				);
				PRODUCT_BUNDLE_IDENTIFIER = dev.zidi.SNHelper;
				PRODUCT_NAME = "$(TARGET_NAME)";
				SWIFT_EMIT_LOC_STRINGS = YES;
				SWIFT_VERSION = 5.0;
				TARGETED_DEVICE_FAMILY = "1,2";
			};
			name = Debug;
		};
		A9EBD59B2E1B5216007F77A6 /* Release */ = {
			isa = XCBuildConfiguration;
			buildSettings = {
				ASSETCATALOG_COMPILER_APPICON_NAME = AppIcon;
				ASSETCATALOG_COMPILER_GLOBAL_ACCENT_COLOR_NAME = AccentColor;
				CODE_SIGN_STYLE = Automatic;
				CURRENT_PROJECT_VERSION = 1;
				DEVELOPMENT_TEAM = KU6R2SUX5N;
				GENERATE_INFOPLIST_FILE = YES;
				INFOPLIST_FILE = SNHelper/Info.plist;
				INFOPLIST_KEY_CFBundleDisplayName = SNHelper;
				INFOPLIST_KEY_UIApplicationSupportsIndirectInputEvents = YES;
				INFOPLIST_KEY_UILaunchStoryboardName = LaunchScreen;
				INFOPLIST_KEY_UIMainStoryboardFile = Main;
				INFOPLIST_KEY_UISupportedInterfaceOrientations_iPad = "UIInterfaceOrientationPortrait UIInterfaceOrientationPortraitUpsideDown UIInterfaceOrientationLandscapeLeft UIInterfaceOrientationLandscapeRight";
				INFOPLIST_KEY_UISupportedInterfaceOrientations_iPhone = "UIInterfaceOrientationPortrait UIInterfaceOrientationLandscapeLeft UIInterfaceOrientationLandscapeRight";
				IPHONEOS_DEPLOYMENT_TARGET = 15.0;
				LD_RUNPATH_SEARCH_PATHS = (
					"$(inherited)",
					"@executable_path/Frameworks",
				);
				MARKETING_VERSION = 1.0;
				OTHER_LDFLAGS = (
					"-framework",
					SafariServices,
					"-framework",
					WebKit,
				);
				PRODUCT_BUNDLE_IDENTIFIER = dev.zidi.SNHelper;
				PRODUCT_NAME = "$(TARGET_NAME)";
				SWIFT_EMIT_LOC_STRINGS = YES;
				SWIFT_VERSION = 5.0;
				TARGETED_DEVICE_FAMILY = "1,2";
			};
			name = Release;
		};
		A9EBD59C2E1B5216007F77A6 /* Debug */ = {
			isa = XCBuildConfiguration;
			buildSettings = {
				ALWAYS_SEARCH_USER_PATHS = NO;
				ASSETCATALOG_COMPILER_GENERATE_SWIFT_ASSET_SYMBOL_EXTENSIONS = YES;
				CLANG_ANALYZER_NONNULL = YES;
				CLANG_ANALYZER_NUMBER_OBJECT_CONVERSION = YES_AGGRESSIVE;
				CLANG_CXX_LANGUAGE_STANDARD = "gnu++20";
				CLANG_ENABLE_MODULES = YES;
				CLANG_ENABLE_OBJC_ARC = YES;
				CLANG_ENABLE_OBJC_WEAK = YES;
				CLANG_WARN_BLOCK_CAPTURE_AUTORELEASING = YES;
				CLANG_WARN_BOOL_CONVERSION = YES;
				CLANG_WARN_COMMA = YES;
				CLANG_WARN_CONSTANT_CONVERSION = YES;
				CLANG_WARN_DEPRECATED_OBJC_IMPLEMENTATIONS = YES;
				CLANG_WARN_DIRECT_OBJC_ISA_USAGE = YES_ERROR;
				CLANG_WARN_DOCUMENTATION_COMMENTS = YES;
				CLANG_WARN_EMPTY_BODY = YES;
				CLANG_WARN_ENUM_CONVERSION = YES;
				CLANG_WARN_INFINITE_RECURSION = YES;
				CLANG_WARN_INT_CONVERSION = YES;
				CLANG_WARN_NON_LITERAL_NULL_CONVERSION = YES;
				CLANG_WARN_OBJC_IMPLICIT_RETAIN_SELF = YES;
				CLANG_WARN_OBJC_LITERAL_CONVERSION = YES;
				CLANG_WARN_OBJC_ROOT_CLASS = YES_ERROR;
				CLANG_WARN_QUOTED_INCLUDE_IN_FRAMEWORK_HEADER = YES;
				CLANG_WARN_RANGE_LOOP_ANALYSIS = YES;
				CLANG_WARN_STRICT_PROTOTYPES = YES;
				CLANG_WARN_SUSPICIOUS_MOVE = YES;
				CLANG_WARN_UNGUARDED_AVAILABILITY = YES_AGGRESSIVE;
				CLANG_WARN_UNREACHABLE_CODE = YES;
				CLANG_WARN__DUPLICATE_METHOD_MATCH = YES;
				COPY_PHASE_STRIP = NO;
				DEBUG_INFORMATION_FORMAT = dwarf;
				DEVELOPMENT_TEAM = KU6R2SUX5N;
				ENABLE_STRICT_OBJC_MSGSEND = YES;
				ENABLE_TESTABILITY = YES;
				ENABLE_USER_SCRIPT_SANDBOXING = YES;
				GCC_C_LANGUAGE_STANDARD = gnu17;
				GCC_DYNAMIC_NO_PIC = NO;
				GCC_NO_COMMON_BLOCKS = YES;
				GCC_OPTIMIZATION_LEVEL = 0;
				GCC_PREPROCESSOR_DEFINITIONS = (
					"DEBUG=1",
					"$(inherited)",
				);
				GCC_WARN_64_TO_32_BIT_CONVERSION = YES;
				GCC_WARN_ABOUT_RETURN_TYPE = YES_ERROR;
				GCC_WARN_UNDECLARED_SELECTOR = YES;
				GCC_WARN_UNINITIALIZED_AUTOS = YES_AGGRESSIVE;
				GCC_WARN_UNUSED_FUNCTION = YES;
				GCC_WARN_UNUSED_VARIABLE = YES;
				IPHONEOS_DEPLOYMENT_TARGET = 18.5;
				LOCALIZATION_PREFERS_STRING_CATALOGS = YES;
				MTL_ENABLE_DEBUG_INFO = INCLUDE_SOURCE;
				MTL_FAST_MATH = YES;
				ONLY_ACTIVE_ARCH = YES;
				SDKROOT = iphoneos;
				SWIFT_ACTIVE_COMPILATION_CONDITIONS = "DEBUG $(inherited)";
				SWIFT_OPTIMIZATION_LEVEL = "-Onone";
			};
			name = Debug;
		};
		A9EBD59D2E1B5216007F77A6 /* Release */ = {
			isa = XCBuildConfiguration;
			buildSettings = {
				ALWAYS_SEARCH_USER_PATHS = NO;
				ASSETCATALOG_COMPILER_GENERATE_SWIFT_ASSET_SYMBOL_EXTENSIONS = YES;
				CLANG_ANALYZER_NONNULL = YES;
				CLANG_ANALYZER_NUMBER_OBJECT_CONVERSION = YES_AGGRESSIVE;
				CLANG_CXX_LANGUAGE_STANDARD = "gnu++20";
				CLANG_ENABLE_MODULES = YES;
				CLANG_ENABLE_OBJC_ARC = YES;
				CLANG_ENABLE_OBJC_WEAK = YES;
				CLANG_WARN_BLOCK_CAPTURE_AUTORELEASING = YES;
				CLANG_WARN_BOOL_CONVERSION = YES;
				CLANG_WARN_COMMA = YES;
				CLANG_WARN_CONSTANT_CONVERSION = YES;
				CLANG_WARN_DEPRECATED_OBJC_IMPLEMENTATIONS = YES;
				CLANG_WARN_DIRECT_OBJC_ISA_USAGE = YES_ERROR;
				CLANG_WARN_DOCUMENTATION_COMMENTS = YES;
				CLANG_WARN_EMPTY_BODY = YES;
				CLANG_WARN_ENUM_CONVERSION = YES;
				CLANG_WARN_INFINITE_RECURSION = YES;
				CLANG_WARN_INT_CONVERSION = YES;
				CLANG_WARN_NON_LITERAL_NULL_CONVERSION = YES;
				CLANG_WARN_OBJC_IMPLICIT_RETAIN_SELF = YES;
				CLANG_WARN_OBJC_LITERAL_CONVERSION = YES;
				CLANG_WARN_OBJC_ROOT_CLASS = YES_ERROR;
				CLANG_WARN_QUOTED_INCLUDE_IN_FRAMEWORK_HEADER = YES;
				CLANG_WARN_RANGE_LOOP_ANALYSIS = YES;
				CLANG_WARN_STRICT_PROTOTYPES = YES;
				CLANG_WARN_SUSPICIOUS_MOVE = YES;
				CLANG_WARN_UNGUARDED_AVAILABILITY = YES_AGGRESSIVE;
				CLANG_WARN_UNREACHABLE_CODE = YES;
				CLANG_WARN__DUPLICATE_METHOD_MATCH = YES;
				COPY_PHASE_STRIP = NO;
				DEBUG_INFORMATION_FORMAT = "dwarf-with-dsym";
				DEVELOPMENT_TEAM = KU6R2SUX5N;
				ENABLE_NS_ASSERTIONS = NO;
				ENABLE_STRICT_OBJC_MSGSEND = YES;
				ENABLE_USER_SCRIPT_SANDBOXING = YES;
				GCC_C_LANGUAGE_STANDARD = gnu17;
				GCC_NO_COMMON_BLOCKS = YES;
				GCC_WARN_64_TO_32_BIT_CONVERSION = YES;
				GCC_WARN_ABOUT_RETURN_TYPE = YES_ERROR;
				GCC_WARN_UNDECLARED_SELECTOR = YES;
				GCC_WARN_UNINITIALIZED_AUTOS = YES_AGGRESSIVE;
				GCC_WARN_UNUSED_FUNCTION = YES;
				GCC_WARN_UNUSED_VARIABLE = YES;
				IPHONEOS_DEPLOYMENT_TARGET = 18.5;
				LOCALIZATION_PREFERS_STRING_CATALOGS = YES;
				MTL_ENABLE_DEBUG_INFO = NO;
				MTL_FAST_MATH = YES;
				SDKROOT = iphoneos;
				SWIFT_COMPILATION_MODE = wholemodule;
				VALIDATE_PRODUCT = YES;
			};
			name = Release;
		};
		A9EBD59F2E1B5216007F77A6 /* Debug */ = {
			isa = XCBuildConfiguration;
			buildSettings = {
				BUNDLE_LOADER = "$(TEST_HOST)";
				CODE_SIGN_STYLE = Automatic;
				CURRENT_PROJECT_VERSION = 1;
				DEVELOPMENT_TEAM = KU6R2SUX5N;
				GENERATE_INFOPLIST_FILE = YES;
				IPHONEOS_DEPLOYMENT_TARGET = 15.0;
				MARKETING_VERSION = 1.0;
				PRODUCT_BUNDLE_IDENTIFIER = dev.zidi.SNHelperTests;
				PRODUCT_NAME = "$(TARGET_NAME)";
				SWIFT_EMIT_LOC_STRINGS = NO;
				SWIFT_VERSION = 5.0;
				TARGETED_DEVICE_FAMILY = "1,2";
				TEST_HOST = "$(BUILT_PRODUCTS_DIR)/SNHelper.app/$(BUNDLE_EXECUTABLE_FOLDER_PATH)/SNHelper";
			};
			name = Debug;
		};
		A9EBD5A02E1B5216007F77A6 /* Release */ = {
			isa = XCBuildConfiguration;
			buildSettings = {
				BUNDLE_LOADER = "$(TEST_HOST)";
				CODE_SIGN_STYLE = Automatic;
				CURRENT_PROJECT_VERSION = 1;
				DEVELOPMENT_TEAM = KU6R2SUX5N;
				GENERATE_INFOPLIST_FILE = YES;
				IPHONEOS_DEPLOYMENT_TARGET = 15.0;
				MARKETING_VERSION = 1.0;
				PRODUCT_BUNDLE_IDENTIFIER = dev.zidi.SNHelperTests;
				PRODUCT_NAME = "$(TARGET_NAME)";
				SWIFT_EMIT_LOC_STRINGS = NO;
				SWIFT_VERSION = 5.0;
				TARGETED_DEVICE_FAMILY = "1,2";
				TEST_HOST = "$(BUILT_PRODUCTS_DIR)/SNHelper.app/$(BUNDLE_EXECUTABLE_FOLDER_PATH)/SNHelper";
			};
			name = Release;
		};
		A9EBD5A22E1B5216007F77A6 /* Debug */ = {
			isa = XCBuildConfiguration;
			buildSettings = {
				CODE_SIGN_STYLE = Automatic;
				CURRENT_PROJECT_VERSION = 1;
				DEVELOPMENT_TEAM = KU6R2SUX5N;
				GENERATE_INFOPLIST_FILE = YES;
				MARKETING_VERSION = 1.0;
				PRODUCT_BUNDLE_IDENTIFIER = dev.zidi.SNHelperUITests;
				PRODUCT_NAME = "$(TARGET_NAME)";
				SWIFT_EMIT_LOC_STRINGS = NO;
				SWIFT_VERSION = 5.0;
				TARGETED_DEVICE_FAMILY = "1,2";
				TEST_TARGET_NAME = SNHelper;
			};
			name = Debug;
		};
		A9EBD5A32E1B5216007F77A6 /* Release */ = {
			isa = XCBuildConfiguration;
			buildSettings = {
				CODE_SIGN_STYLE = Automatic;
				CURRENT_PROJECT_VERSION = 1;
				DEVELOPMENT_TEAM = KU6R2SUX5N;
				GENERATE_INFOPLIST_FILE = YES;
				MARKETING_VERSION = 1.0;
				PRODUCT_BUNDLE_IDENTIFIER = dev.zidi.SNHelperUITests;
				PRODUCT_NAME = "$(TARGET_NAME)";
				SWIFT_EMIT_LOC_STRINGS = NO;
				SWIFT_VERSION = 5.0;
				TARGETED_DEVICE_FAMILY = "1,2";
				TEST_TARGET_NAME = SNHelper;
			};
			name = Release;
		};
/* End XCBuildConfiguration section */

/* Begin XCConfigurationList section */
		A9EBD5412E1B5215007F77A6 /* Build configuration list for PBXProject "SNHelper" */ = {
			isa = XCConfigurationList;
			buildConfigurations = (
				A9EBD59C2E1B5216007F77A6 /* Debug */,
				A9EBD59D2E1B5216007F77A6 /* Release */,
			);
			defaultConfigurationIsVisible = 0;
			defaultConfigurationName = Release;
		};
		A9EBD5942E1B5216007F77A6 /* Build configuration list for PBXNativeTarget "SNHelper Extension" */ = {
			isa = XCConfigurationList;
			buildConfigurations = (
				A9EBD5952E1B5216007F77A6 /* Debug */,
				A9EBD5962E1B5216007F77A6 /* Release */,
			);
			defaultConfigurationIsVisible = 0;
			defaultConfigurationName = Release;
		};
		A9EBD5992E1B5216007F77A6 /* Build configuration list for PBXNativeTarget "SNHelper" */ = {
			isa = XCConfigurationList;
			buildConfigurations = (
				A9EBD59A2E1B5216007F77A6 /* Debug */,
				A9EBD59B2E1B5216007F77A6 /* Release */,
			);
			defaultConfigurationIsVisible = 0;
			defaultConfigurationName = Release;
		};
		A9EBD59E2E1B5216007F77A6 /* Build configuration list for PBXNativeTarget "SNHelperTests" */ = {
			isa = XCConfigurationList;
			buildConfigurations = (
				A9EBD59F2E1B5216007F77A6 /* Debug */,
				A9EBD5A02E1B5216007F77A6 /* Release */,
			);
			defaultConfigurationIsVisible = 0;
			defaultConfigurationName = Release;
		};
		A9EBD5A12E1B5216007F77A6 /* Build configuration list for PBXNativeTarget "SNHelperUITests" */ = {
			isa = XCConfigurationList;
			buildConfigurations = (
				A9EBD5A22E1B5216007F77A6 /* Debug */,
				A9EBD5A32E1B5216007F77A6 /* Release */,
			);
			defaultConfigurationIsVisible = 0;
			defaultConfigurationName = Release;
		};
/* End XCConfigurationList section */
	};
	rootObject = A9EBD53E2E1B5215007F77A6 /* Project object */;
}
